
Microsoft Visual Studio Solution File, Format Version 12.00
# Visual Studio Version 17
VisualStudioVersion = 17.8.34330.188
MinimumVisualStudioVersion = 10.0.40219.1
Project("{FAE04EC0-301F-11D3-BF4B-00C04F79EFBC}") = "WebShop", "WebShop\WebShop.csproj", "{B79807EB-3300-436E-9861-34977EC6EF7A}"
EndProject
Global
	GlobalSection(SolutionConfigurationPlatforms) = preSolution
		Debug|Any CPU = Debug|Any CPU
		Release|Any CPU = Release|Any CPU
	EndGlobalSection
	GlobalSection(ProjectConfigurationPlatforms) = postSolution
		{B79807EB-3300-436E-9861-34977EC6EF7A}.Debug|Any CPU.ActiveCfg = Debug|Any CPU
		{B79807EB-3300-436E-9861-34977EC6EF7A}.Debug|Any CPU.Build.0 = Debug|Any CPU
		{B79807EB-3300-436E-9861-34977EC6EF7A}.Release|Any CPU.ActiveCfg = Release|Any CPU
		{B79807EB-3300-436E-9861-34977EC6EF7A}.Release|Any CPU.Build.0 = Release|Any CPU
	EndGlobalSection
	GlobalSection(SolutionProperties) = preSolution
		HideSolutionNode = FALSE
	EndGlobalSection
	GlobalSection(ExtensibilityGlobals) = postSolution
		SolutionGuid = {E19EE268-8A14-4DD9-B874-F7726391BDA5}
	EndGlobalSection
EndGlobal
